
Microsoft Visual Studio Solution File, Format Version 12.00
# Visual Studio Version 16
VisualStudioVersion = 16.0.32630.194
MinimumVisualStudioVersion = 10.0.40219.1
Project("{9A19103F-16F7-4668-BE54-9A1E7A4F7556}") = "G-project2", "G-project2\G-project2.csproj", "{0DC20D95-577C-4892-BA3C-5186396CA721}"
EndProject
Project("{9A19103F-16F7-4668-BE54-9A1E7A4F7556}") = "G-project3", "G-project3\G-project3.csproj", "{BB559D9E-73EE-4E09-AC10-60635F676FEB}"
EndProject
Project("{FAE04EC0-301F-11D3-BF4B-00C04F79EFBC}") = "G-project1", "G-project1\G-project1.csproj", "{626E4A42-BBF6-4AC1-B10D-6C48E3E9892B}"
EndProject
Global
	GlobalSection(SolutionConfigurationPlatforms) = preSolution
		Debug|Any CPU = Debug|Any CPU
		Release|Any CPU = Release|Any CPU
	EndGlobalSection
	GlobalSection(ProjectConfigurationPlatforms) = postSolution
		{0DC20D95-577C-4892-BA3C-5186396CA721}.Debug|Any CPU.ActiveCfg = Debug|Any CPU
		{0DC20D95-577C-4892-BA3C-5186396CA721}.Debug|Any CPU.Build.0 = Debug|Any CPU
		{0DC20D95-577C-4892-BA3C-5186396CA721}.Release|Any CPU.ActiveCfg = Release|Any CPU
		{0DC20D95-577C-4892-BA3C-5186396CA721}.Release|Any CPU.Build.0 = Release|Any CPU
		{BB559D9E-73EE-4E09-AC10-60635F676FEB}.Debug|Any CPU.ActiveCfg = Debug|Any CPU
		{BB559D9E-73EE-4E09-AC10-60635F676FEB}.Debug|Any CPU.Build.0 = Debug|Any CPU
		{BB559D9E-73EE-4E09-AC10-60635F676FEB}.Release|Any CPU.ActiveCfg = Release|Any CPU
		{BB559D9E-73EE-4E09-AC10-60635F676FEB}.Release|Any CPU.Build.0 = Release|Any CPU
		{626E4A42-BBF6-4AC1-B10D-6C48E3E9892B}.Debug|Any CPU.ActiveCfg = Debug|Any CPU
		{626E4A42-BBF6-4AC1-B10D-6C48E3E9892B}.Debug|Any CPU.Build.0 = Debug|Any CPU
		{626E4A42-BBF6-4AC1-B10D-6C48E3E9892B}.Release|Any CPU.ActiveCfg = Release|Any CPU
		{626E4A42-BBF6-4AC1-B10D-6C48E3E9892B}.Release|Any CPU.Build.0 = Release|Any CPU
	EndGlobalSection
	GlobalSection(SolutionProperties) = preSolution
		HideSolutionNode = FALSE
	EndGlobalSection
	GlobalSection(ExtensibilityGlobals) = postSolution
		SolutionGuid = {74723A77-DA7C-49AF-BB5A-6BDE24B66595}
	EndGlobalSection
EndGlobal
